// !$*UTF8*$!
{
	archiveVersion = 1;
	classes = {
	};
	objectVersion = 46;
	objects = {

/* Begin PBXBuildFile section */
		233CD015163384920056B3AF /* HelpViewController.m in Sources */ = {isa = PBXBuildFile; fileRef = 233CD014163384920056B3AF /* HelpViewController.m */; };
		23BACEFE16335E560071E5B6 /* iRememberModel.xcdatamodeld in Sources */ = {isa = PBXBuildFile; fileRef = 23BACEFC16335E560071E5B6 /* iRememberModel.xcdatamodeld */; };
		23BACF69163362680071E5B6 /* CoreData.framework in Frameworks */ = {isa = PBXBuildFile; fileRef = 23BACF68163362680071E5B6 /* CoreData.framework */; };
		23BACF70163367950071E5B6 /* LoginViewController.m in Sources */ = {isa = PBXBuildFile; fileRef = 23BACF6F163367950071E5B6 /* LoginViewController.m */; };
		810B776B164ED9F500BED1BD /* Note.m in Sources */ = {isa = PBXBuildFile; fileRef = 810B776A164ED9F500BED1BD /* Note.m */; };
		810B776E164ED9F500BED1BD /* TagDetail.m in Sources */ = {isa = PBXBuildFile; fileRef = 810B776D164ED9F500BED1BD /* TagDetail.m */; };
		810B7774164ED9F500BED1BD /* Draw.m in Sources */ = {isa = PBXBuildFile; fileRef = 810B7773164ED9F500BED1BD /* Draw.m */; };
		810B7777164ED9F500BED1BD /* Session.m in Sources */ = {isa = PBXBuildFile; fileRef = 810B7776164ED9F500BED1BD /* Session.m */; };
		810B777A164ED9F500BED1BD /* TagType.m in Sources */ = {isa = PBXBuildFile; fileRef = 810B7779164ED9F500BED1BD /* TagType.m */; };
		810B777D164ED9F500BED1BD /* Tag.m in Sources */ = {isa = PBXBuildFile; fileRef = 810B777C164ED9F500BED1BD /* Tag.m */; };
		810B7893164EE34800BED1BD /* MagicalImportFunctions.m in Sources */ = {isa = PBXBuildFile; fileRef = 810B785B164EE34800BED1BD /* MagicalImportFunctions.m */; };
		810B7894164EE34800BED1BD /* MagicalImportFunctions.m in Sources */ = {isa = PBXBuildFile; fileRef = 810B785B164EE34800BED1BD /* MagicalImportFunctions.m */; };
		810B7895164EE34800BED1BD /* NSAttributeDescription+MagicalDataImport.m in Sources */ = {isa = PBXBuildFile; fileRef = 810B785D164EE34800BED1BD /* NSAttributeDescription+MagicalDataImport.m */; };
		810B7896164EE34800BED1BD /* NSAttributeDescription+MagicalDataImport.m in Sources */ = {isa = PBXBuildFile; fileRef = 810B785D164EE34800BED1BD /* NSAttributeDescription+MagicalDataImport.m */; };
		810B7897164EE34800BED1BD /* NSEntityDescription+MagicalDataImport.m in Sources */ = {isa = PBXBuildFile; fileRef = 810B785F164EE34800BED1BD /* NSEntityDescription+MagicalDataImport.m */; };
		810B7898164EE34800BED1BD /* NSEntityDescription+MagicalDataImport.m in Sources */ = {isa = PBXBuildFile; fileRef = 810B785F164EE34800BED1BD /* NSEntityDescription+MagicalDataImport.m */; };
		810B7899164EE34800BED1BD /* NSNumber+MagicalDataImport.m in Sources */ = {isa = PBXBuildFile; fileRef = 810B7861164EE34800BED1BD /* NSNumber+MagicalDataImport.m */; };
		810B789A164EE34800BED1BD /* NSNumber+MagicalDataImport.m in Sources */ = {isa = PBXBuildFile; fileRef = 810B7861164EE34800BED1BD /* NSNumber+MagicalDataImport.m */; };
		810B789B164EE34800BED1BD /* NSObject+MagicalDataImport.m in Sources */ = {isa = PBXBuildFile; fileRef = 810B7863164EE34800BED1BD /* NSObject+MagicalDataImport.m */; };
		810B789C164EE34800BED1BD /* NSObject+MagicalDataImport.m in Sources */ = {isa = PBXBuildFile; fileRef = 810B7863164EE34800BED1BD /* NSObject+MagicalDataImport.m */; };
		810B789D164EE34800BED1BD /* NSRelationshipDescription+MagicalDataImport.m in Sources */ = {isa = PBXBuildFile; fileRef = 810B7865164EE34800BED1BD /* NSRelationshipDescription+MagicalDataImport.m */; };
		810B789E164EE34800BED1BD /* NSRelationshipDescription+MagicalDataImport.m in Sources */ = {isa = PBXBuildFile; fileRef = 810B7865164EE34800BED1BD /* NSRelationshipDescription+MagicalDataImport.m */; };
		810B789F164EE34800BED1BD /* NSString+MagicalDataImport.m in Sources */ = {isa = PBXBuildFile; fileRef = 810B7867164EE34800BED1BD /* NSString+MagicalDataImport.m */; };
		810B78A0164EE34800BED1BD /* NSString+MagicalDataImport.m in Sources */ = {isa = PBXBuildFile; fileRef = 810B7867164EE34800BED1BD /* NSString+MagicalDataImport.m */; };
		810B78A1164EE34800BED1BD /* NSManagedObject+MagicalAggregation.m in Sources */ = {isa = PBXBuildFile; fileRef = 810B786A164EE34800BED1BD /* NSManagedObject+MagicalAggregation.m */; };
		810B78A2164EE34800BED1BD /* NSManagedObject+MagicalAggregation.m in Sources */ = {isa = PBXBuildFile; fileRef = 810B786A164EE34800BED1BD /* NSManagedObject+MagicalAggregation.m */; };
		810B78A3164EE34800BED1BD /* NSManagedObject+MagicalDataImport.m in Sources */ = {isa = PBXBuildFile; fileRef = 810B786C164EE34800BED1BD /* NSManagedObject+MagicalDataImport.m */; };
		810B78A4164EE34800BED1BD /* NSManagedObject+MagicalDataImport.m in Sources */ = {isa = PBXBuildFile; fileRef = 810B786C164EE34800BED1BD /* NSManagedObject+MagicalDataImport.m */; };
		810B78A5164EE34800BED1BD /* NSManagedObject+MagicalFinders.m in Sources */ = {isa = PBXBuildFile; fileRef = 810B786E164EE34800BED1BD /* NSManagedObject+MagicalFinders.m */; };
		810B78A6164EE34800BED1BD /* NSManagedObject+MagicalFinders.m in Sources */ = {isa = PBXBuildFile; fileRef = 810B786E164EE34800BED1BD /* NSManagedObject+MagicalFinders.m */; };
		810B78A7164EE34800BED1BD /* NSManagedObject+MagicalRecord.m in Sources */ = {isa = PBXBuildFile; fileRef = 810B7870164EE34800BED1BD /* NSManagedObject+MagicalRecord.m */; };
		810B78A8164EE34800BED1BD /* NSManagedObject+MagicalRecord.m in Sources */ = {isa = PBXBuildFile; fileRef = 810B7870164EE34800BED1BD /* NSManagedObject+MagicalRecord.m */; };
		810B78A9164EE34800BED1BD /* NSManagedObject+MagicalRequests.m in Sources */ = {isa = PBXBuildFile; fileRef = 810B7872164EE34800BED1BD /* NSManagedObject+MagicalRequests.m */; };
		810B78AA164EE34800BED1BD /* NSManagedObject+MagicalRequests.m in Sources */ = {isa = PBXBuildFile; fileRef = 810B7872164EE34800BED1BD /* NSManagedObject+MagicalRequests.m */; };
		810B78AB164EE34800BED1BD /* NSManagedObjectContext+MagicalObserving.m in Sources */ = {isa = PBXBuildFile; fileRef = 810B7875164EE34800BED1BD /* NSManagedObjectContext+MagicalObserving.m */; };
		810B78AC164EE34800BED1BD /* NSManagedObjectContext+MagicalObserving.m in Sources */ = {isa = PBXBuildFile; fileRef = 810B7875164EE34800BED1BD /* NSManagedObjectContext+MagicalObserving.m */; };
		810B78AD164EE34800BED1BD /* NSManagedObjectContext+MagicalRecord.m in Sources */ = {isa = PBXBuildFile; fileRef = 810B7877164EE34800BED1BD /* NSManagedObjectContext+MagicalRecord.m */; };
		810B78AE164EE34800BED1BD /* NSManagedObjectContext+MagicalRecord.m in Sources */ = {isa = PBXBuildFile; fileRef = 810B7877164EE34800BED1BD /* NSManagedObjectContext+MagicalRecord.m */; };
		810B78AF164EE34800BED1BD /* NSManagedObjectContext+MagicalSaves.m in Sources */ = {isa = PBXBuildFile; fileRef = 810B7879164EE34800BED1BD /* NSManagedObjectContext+MagicalSaves.m */; };
		810B78B0164EE34800BED1BD /* NSManagedObjectContext+MagicalSaves.m in Sources */ = {isa = PBXBuildFile; fileRef = 810B7879164EE34800BED1BD /* NSManagedObjectContext+MagicalSaves.m */; };
		810B78B1164EE34800BED1BD /* NSManagedObjectContext+MagicalThreading.m in Sources */ = {isa = PBXBuildFile; fileRef = 810B787B164EE34800BED1BD /* NSManagedObjectContext+MagicalThreading.m */; };
		810B78B2164EE34800BED1BD /* NSManagedObjectContext+MagicalThreading.m in Sources */ = {isa = PBXBuildFile; fileRef = 810B787B164EE34800BED1BD /* NSManagedObjectContext+MagicalThreading.m */; };
		810B78B3164EE34800BED1BD /* NSManagedObjectModel+MagicalRecord.m in Sources */ = {isa = PBXBuildFile; fileRef = 810B787D164EE34800BED1BD /* NSManagedObjectModel+MagicalRecord.m */; };
		810B78B4164EE34800BED1BD /* NSManagedObjectModel+MagicalRecord.m in Sources */ = {isa = PBXBuildFile; fileRef = 810B787D164EE34800BED1BD /* NSManagedObjectModel+MagicalRecord.m */; };
		810B78B5164EE34800BED1BD /* NSPersistentStore+MagicalRecord.m in Sources */ = {isa = PBXBuildFile; fileRef = 810B787F164EE34800BED1BD /* NSPersistentStore+MagicalRecord.m */; };
		810B78B6164EE34800BED1BD /* NSPersistentStore+MagicalRecord.m in Sources */ = {isa = PBXBuildFile; fileRef = 810B787F164EE34800BED1BD /* NSPersistentStore+MagicalRecord.m */; };
		810B78B7164EE34800BED1BD /* NSPersistentStoreCoordinator+MagicalRecord.m in Sources */ = {isa = PBXBuildFile; fileRef = 810B7881164EE34800BED1BD /* NSPersistentStoreCoordinator+MagicalRecord.m */; };
		810B78B8164EE34800BED1BD /* NSPersistentStoreCoordinator+MagicalRecord.m in Sources */ = {isa = PBXBuildFile; fileRef = 810B7881164EE34800BED1BD /* NSPersistentStoreCoordinator+MagicalRecord.m */; };
		810B78B9164EE34800BED1BD /* MagicalRecord+Actions.m in Sources */ = {isa = PBXBuildFile; fileRef = 810B7884164EE34800BED1BD /* MagicalRecord+Actions.m */; };
		810B78BA164EE34800BED1BD /* MagicalRecord+Actions.m in Sources */ = {isa = PBXBuildFile; fileRef = 810B7884164EE34800BED1BD /* MagicalRecord+Actions.m */; };
		810B78BB164EE34800BED1BD /* MagicalRecord+ErrorHandling.m in Sources */ = {isa = PBXBuildFile; fileRef = 810B7886164EE34800BED1BD /* MagicalRecord+ErrorHandling.m */; };
		810B78BC164EE34800BED1BD /* MagicalRecord+ErrorHandling.m in Sources */ = {isa = PBXBuildFile; fileRef = 810B7886164EE34800BED1BD /* MagicalRecord+ErrorHandling.m */; };
		810B78BD164EE34800BED1BD /* MagicalRecord+iCloud.m in Sources */ = {isa = PBXBuildFile; fileRef = 810B7888164EE34800BED1BD /* MagicalRecord+iCloud.m */; };
		810B78BE164EE34800BED1BD /* MagicalRecord+iCloud.m in Sources */ = {isa = PBXBuildFile; fileRef = 810B7888164EE34800BED1BD /* MagicalRecord+iCloud.m */; };
		810B78BF164EE34800BED1BD /* MagicalRecord+Options.m in Sources */ = {isa = PBXBuildFile; fileRef = 810B788A164EE34800BED1BD /* MagicalRecord+Options.m */; };
		810B78C0164EE34800BED1BD /* MagicalRecord+Options.m in Sources */ = {isa = PBXBuildFile; fileRef = 810B788A164EE34800BED1BD /* MagicalRecord+Options.m */; };
		810B78C1164EE34800BED1BD /* MagicalRecord+Setup.m in Sources */ = {isa = PBXBuildFile; fileRef = 810B788C164EE34800BED1BD /* MagicalRecord+Setup.m */; };
		810B78C2164EE34800BED1BD /* MagicalRecord+Setup.m in Sources */ = {isa = PBXBuildFile; fileRef = 810B788C164EE34800BED1BD /* MagicalRecord+Setup.m */; };
		810B78C3164EE34800BED1BD /* MagicalRecord+ShorthandSupport.m in Sources */ = {isa = PBXBuildFile; fileRef = 810B788E164EE34800BED1BD /* MagicalRecord+ShorthandSupport.m */; };
		810B78C4164EE34800BED1BD /* MagicalRecord+ShorthandSupport.m in Sources */ = {isa = PBXBuildFile; fileRef = 810B788E164EE34800BED1BD /* MagicalRecord+ShorthandSupport.m */; };
		810B78C5164EE34800BED1BD /* MagicalRecord.m in Sources */ = {isa = PBXBuildFile; fileRef = 810B7890164EE34800BED1BD /* MagicalRecord.m */; };
		810B78C6164EE34800BED1BD /* MagicalRecord.m in Sources */ = {isa = PBXBuildFile; fileRef = 810B7890164EE34800BED1BD /* MagicalRecord.m */; };
		810B78CD164EED6600BED1BD /* User.m in Sources */ = {isa = PBXBuildFile; fileRef = 810B78CC164EED6500BED1BD /* User.m */; };
		810B78CE164EED6600BED1BD /* User.m in Sources */ = {isa = PBXBuildFile; fileRef = 810B78CC164EED6500BED1BD /* User.m */; };
		8131749C16359AE6002678F9 /* Default-568h@2x.png in Resources */ = {isa = PBXBuildFile; fileRef = 8131749B16359AE6002678F9 /* Default-568h@2x.png */; };
		91C84B08163397C700B3C77A /* AboutUsViewController.m in Sources */ = {isa = PBXBuildFile; fileRef = 91C84B07163397C700B3C77A /* AboutUsViewController.m */; };
		91C84B0C16339AF300B3C77A /* SearchByDayViewController.m in Sources */ = {isa = PBXBuildFile; fileRef = 91C84B0B16339AF300B3C77A /* SearchByDayViewController.m */; };
		91C84B0F16339B1300B3C77A /* SearchByTagsViewController.m in Sources */ = {isa = PBXBuildFile; fileRef = 91C84B0E16339B1300B3C77A /* SearchByTagsViewController.m */; };
		9EFE2FAE1633AB7A00EB264C /* MarkUpControl.m in Sources */ = {isa = PBXBuildFile; fileRef = 9EFE2F9C1633AB7A00EB264C /* MarkUpControl.m */; };
		9EFE2FAF1633AB7A00EB264C /* fileIOController.m in Sources */ = {isa = PBXBuildFile; fileRef = 9EFE2F9F1633AB7A00EB264C /* fileIOController.m */; };
		9EFE2FB01633AB7A00EB264C /* icon_done.png in Resources */ = {isa = PBXBuildFile; fileRef = 9EFE2FA11633AB7A00EB264C /* icon_done.png */; };
		9EFE2FB11633AB7A00EB264C /* icon_draw.png in Resources */ = {isa = PBXBuildFile; fileRef = 9EFE2FA21633AB7A00EB264C /* icon_draw.png */; };
		9EFE2FB21633AB7A00EB264C /* icon_note.png in Resources */ = {isa = PBXBuildFile; fileRef = 9EFE2FA31633AB7A00EB264C /* icon_note.png */; };
		9EFE2FB31633AB7A00EB264C /* icon_option.png in Resources */ = {isa = PBXBuildFile; fileRef = 9EFE2FA41633AB7A00EB264C /* icon_option.png */; };
		9EFE2FB41633AB7A00EB264C /* icon_tag.png in Resources */ = {isa = PBXBuildFile; fileRef = 9EFE2FA51633AB7A00EB264C /* icon_tag.png */; };
		9EFE2FB51633AB7A00EB264C /* output.txt in Resources */ = {isa = PBXBuildFile; fileRef = 9EFE2FA61633AB7A00EB264C /* output.txt */; };
		9EFE2FB61633AB7A00EB264C /* beach.png in Resources */ = {isa = PBXBuildFile; fileRef = 9EFE2FA81633AB7A00EB264C /* beach.png */; };
		9EFE2FB71633AB7A00EB264C /* flag.png in Resources */ = {isa = PBXBuildFile; fileRef = 9EFE2FA91633AB7A00EB264C /* flag.png */; };
		9EFE2FB81633AB7A00EB264C /* olives.png in Resources */ = {isa = PBXBuildFile; fileRef = 9EFE2FAA1633AB7A00EB264C /* olives.png */; };
		9EFE2FB91633AB7A00EB264C /* overlook.png in Resources */ = {isa = PBXBuildFile; fileRef = 9EFE2FAB1633AB7A00EB264C /* overlook.png */; };
		9EFE2FBA1633AB7A00EB264C /* winery.png in Resources */ = {isa = PBXBuildFile; fileRef = 9EFE2FAC1633AB7A00EB264C /* winery.png */; };
		9EFE2FBB1633AB7A00EB264C /* tags.txt in Resources */ = {isa = PBXBuildFile; fileRef = 9EFE2FAD1633AB7A00EB264C /* tags.txt */; };
		E8C5298916332E3600BF8231 /* UIKit.framework in Frameworks */ = {isa = PBXBuildFile; fileRef = E8C5298816332E3600BF8231 /* UIKit.framework */; };
		E8C5298B16332E3600BF8231 /* Foundation.framework in Frameworks */ = {isa = PBXBuildFile; fileRef = E8C5298A16332E3600BF8231 /* Foundation.framework */; };
		E8C5298D16332E3600BF8231 /* CoreGraphics.framework in Frameworks */ = {isa = PBXBuildFile; fileRef = E8C5298C16332E3600BF8231 /* CoreGraphics.framework */; };
		E8C5299316332E3600BF8231 /* InfoPlist.strings in Resources */ = {isa = PBXBuildFile; fileRef = E8C5299116332E3600BF8231 /* InfoPlist.strings */; };
		E8C5299516332E3600BF8231 /* main.m in Sources */ = {isa = PBXBuildFile; fileRef = E8C5299416332E3600BF8231 /* main.m */; };
		E8C5299916332E3600BF8231 /* AppDelegate.m in Sources */ = {isa = PBXBuildFile; fileRef = E8C5299816332E3600BF8231 /* AppDelegate.m */; };
		E8C529AA16332E3600BF8231 /* SenTestingKit.framework in Frameworks */ = {isa = PBXBuildFile; fileRef = E8C529A916332E3600BF8231 /* SenTestingKit.framework */; };
		E8C529AB16332E3600BF8231 /* UIKit.framework in Frameworks */ = {isa = PBXBuildFile; fileRef = E8C5298816332E3600BF8231 /* UIKit.framework */; };
		E8C529AC16332E3600BF8231 /* Foundation.framework in Frameworks */ = {isa = PBXBuildFile; fileRef = E8C5298A16332E3600BF8231 /* Foundation.framework */; };
		E8C529B416332E3600BF8231 /* InfoPlist.strings in Resources */ = {isa = PBXBuildFile; fileRef = E8C529B216332E3600BF8231 /* InfoPlist.strings */; };
		E8C529B716332E3600BF8231 /* iRemember_Tests.m in Sources */ = {isa = PBXBuildFile; fileRef = E8C529B616332E3600BF8231 /* iRemember_Tests.m */; };
		E8C529C116332EC600BF8231 /* iRemember.jpg in Resources */ = {isa = PBXBuildFile; fileRef = E8C529C016332EC600BF8231 /* iRemember.jpg */; };
		E8C529C41633300800BF8231 /* MainMenuViewController.m in Sources */ = {isa = PBXBuildFile; fileRef = E8C529C31633300800BF8231 /* MainMenuViewController.m */; };
		E8C529C71633301600BF8231 /* EditPhotoViewController.m in Sources */ = {isa = PBXBuildFile; fileRef = E8C529C61633301600BF8231 /* EditPhotoViewController.m */; };
		E8C529CC163335A900BF8231 /* MainStoryboard_iPhone.storyboard in Resources */ = {isa = PBXBuildFile; fileRef = E8C529CB163335A900BF8231 /* MainStoryboard_iPhone.storyboard */; };
		F389FE94163364150043C395 /* CoreLocation.framework in Frameworks */ = {isa = PBXBuildFile; fileRef = F389FE93163364150043C395 /* CoreLocation.framework */; };
		F389FE96163364280043C395 /* MapKit.framework in Frameworks */ = {isa = PBXBuildFile; fileRef = F389FE95163364280043C395 /* MapKit.framework */; };
		F3CAD42C164EFB0E0096EFC3 /* ViewGeotagViewController.m in Sources */ = {isa = PBXBuildFile; fileRef = F3CAD42B164EFB0E0096EFC3 /* ViewGeotagViewController.m */; };
/* End PBXBuildFile section */

/* Begin PBXContainerItemProxy section */
		E8C529AD16332E3600BF8231 /* PBXContainerItemProxy */ = {
			isa = PBXContainerItemProxy;
			containerPortal = E8C5297B16332E3600BF8231 /* Project object */;
			proxyType = 1;
			remoteGlobalIDString = E8C5298316332E3600BF8231;
			remoteInfo = iRemember_20Oct2012;
		};
/* End PBXContainerItemProxy section */

/* Begin PBXFileReference section */
		233CD013163384920056B3AF /* HelpViewController.h */ = {isa = PBXFileReference; fileEncoding = 4; lastKnownFileType = sourcecode.c.h; name = HelpViewController.h; path = ../HelpViewController.h; sourceTree = "<group>"; };
		233CD014163384920056B3AF /* HelpViewController.m */ = {isa = PBXFileReference; fileEncoding = 4; lastKnownFileType = sourcecode.c.objc; name = HelpViewController.m; path = ../HelpViewController.m; sourceTree = "<group>"; };
		23BACEFD16335E560071E5B6 /* iRememberModel.xcdatamodel */ = {isa = PBXFileReference; lastKnownFileType = wrapper.xcdatamodel; path = iRememberModel.xcdatamodel; sourceTree = "<group>"; };
		23BACF68163362680071E5B6 /* CoreData.framework */ = {isa = PBXFileReference; lastKnownFileType = wrapper.framework; name = CoreData.framework; path = System/Library/Frameworks/CoreData.framework; sourceTree = SDKROOT; };
		23BACF6E163367950071E5B6 /* LoginViewController.h */ = {isa = PBXFileReference; fileEncoding = 4; lastKnownFileType = sourcecode.c.h; path = LoginViewController.h; sourceTree = "<group>"; };
		23BACF6F163367950071E5B6 /* LoginViewController.m */ = {isa = PBXFileReference; fileEncoding = 4; lastKnownFileType = sourcecode.c.objc; path = LoginViewController.m; sourceTree = "<group>"; };
		810B7769164ED9F500BED1BD /* Note.h */ = {isa = PBXFileReference; fileEncoding = 4; lastKnownFileType = sourcecode.c.h; path = Note.h; sourceTree = "<group>"; };
		810B776A164ED9F500BED1BD /* Note.m */ = {isa = PBXFileReference; fileEncoding = 4; lastKnownFileType = sourcecode.c.objc; path = Note.m; sourceTree = "<group>"; };
		810B776C164ED9F500BED1BD /* TagDetail.h */ = {isa = PBXFileReference; fileEncoding = 4; lastKnownFileType = sourcecode.c.h; path = TagDetail.h; sourceTree = "<group>"; };
		810B776D164ED9F500BED1BD /* TagDetail.m */ = {isa = PBXFileReference; fileEncoding = 4; lastKnownFileType = sourcecode.c.objc; path = TagDetail.m; sourceTree = "<group>"; };
		810B7772164ED9F500BED1BD /* Draw.h */ = {isa = PBXFileReference; fileEncoding = 4; lastKnownFileType = sourcecode.c.h; path = Draw.h; sourceTree = "<group>"; };
		810B7773164ED9F500BED1BD /* Draw.m */ = {isa = PBXFileReference; fileEncoding = 4; lastKnownFileType = sourcecode.c.objc; path = Draw.m; sourceTree = "<group>"; };
		810B7775164ED9F500BED1BD /* Session.h */ = {isa = PBXFileReference; fileEncoding = 4; lastKnownFileType = sourcecode.c.h; path = Session.h; sourceTree = "<group>"; };
		810B7776164ED9F500BED1BD /* Session.m */ = {isa = PBXFileReference; fileEncoding = 4; lastKnownFileType = sourcecode.c.objc; path = Session.m; sourceTree = "<group>"; };
		810B7778164ED9F500BED1BD /* TagType.h */ = {isa = PBXFileReference; fileEncoding = 4; lastKnownFileType = sourcecode.c.h; path = TagType.h; sourceTree = "<group>"; };
		810B7779164ED9F500BED1BD /* TagType.m */ = {isa = PBXFileReference; fileEncoding = 4; lastKnownFileType = sourcecode.c.objc; path = TagType.m; sourceTree = "<group>"; };
		810B777B164ED9F500BED1BD /* Tag.h */ = {isa = PBXFileReference; fileEncoding = 4; lastKnownFileType = sourcecode.c.h; path = Tag.h; sourceTree = "<group>"; };
		810B777C164ED9F500BED1BD /* Tag.m */ = {isa = PBXFileReference; fileEncoding = 4; lastKnownFileType = sourcecode.c.objc; path = Tag.m; sourceTree = "<group>"; };
		810B785A164EE34800BED1BD /* MagicalImportFunctions.h */ = {isa = PBXFileReference; fileEncoding = 4; lastKnownFileType = sourcecode.c.h; path = MagicalImportFunctions.h; sourceTree = "<group>"; };
		810B785B164EE34800BED1BD /* MagicalImportFunctions.m */ = {isa = PBXFileReference; fileEncoding = 4; lastKnownFileType = sourcecode.c.objc; path = MagicalImportFunctions.m; sourceTree = "<group>"; };
		810B785C164EE34800BED1BD /* NSAttributeDescription+MagicalDataImport.h */ = {isa = PBXFileReference; fileEncoding = 4; lastKnownFileType = sourcecode.c.h; path = "NSAttributeDescription+MagicalDataImport.h"; sourceTree = "<group>"; };
		810B785D164EE34800BED1BD /* NSAttributeDescription+MagicalDataImport.m */ = {isa = PBXFileReference; fileEncoding = 4; lastKnownFileType = sourcecode.c.objc; path = "NSAttributeDescription+MagicalDataImport.m"; sourceTree = "<group>"; };
		810B785E164EE34800BED1BD /* NSEntityDescription+MagicalDataImport.h */ = {isa = PBXFileReference; fileEncoding = 4; lastKnownFileType = sourcecode.c.h; path = "NSEntityDescription+MagicalDataImport.h"; sourceTree = "<group>"; };
		810B785F164EE34800BED1BD /* NSEntityDescription+MagicalDataImport.m */ = {isa = PBXFileReference; fileEncoding = 4; lastKnownFileType = sourcecode.c.objc; path = "NSEntityDescription+MagicalDataImport.m"; sourceTree = "<group>"; };
		810B7860164EE34800BED1BD /* NSNumber+MagicalDataImport.h */ = {isa = PBXFileReference; fileEncoding = 4; lastKnownFileType = sourcecode.c.h; path = "NSNumber+MagicalDataImport.h"; sourceTree = "<group>"; };
		810B7861164EE34800BED1BD /* NSNumber+MagicalDataImport.m */ = {isa = PBXFileReference; fileEncoding = 4; lastKnownFileType = sourcecode.c.objc; path = "NSNumber+MagicalDataImport.m"; sourceTree = "<group>"; };
		810B7862164EE34800BED1BD /* NSObject+MagicalDataImport.h */ = {isa = PBXFileReference; fileEncoding = 4; lastKnownFileType = sourcecode.c.h; path = "NSObject+MagicalDataImport.h"; sourceTree = "<group>"; };
		810B7863164EE34800BED1BD /* NSObject+MagicalDataImport.m */ = {isa = PBXFileReference; fileEncoding = 4; lastKnownFileType = sourcecode.c.objc; path = "NSObject+MagicalDataImport.m"; sourceTree = "<group>"; };
		810B7864164EE34800BED1BD /* NSRelationshipDescription+MagicalDataImport.h */ = {isa = PBXFileReference; fileEncoding = 4; lastKnownFileType = sourcecode.c.h; path = "NSRelationshipDescription+MagicalDataImport.h"; sourceTree = "<group>"; };
		810B7865164EE34800BED1BD /* NSRelationshipDescription+MagicalDataImport.m */ = {isa = PBXFileReference; fileEncoding = 4; lastKnownFileType = sourcecode.c.objc; path = "NSRelationshipDescription+MagicalDataImport.m"; sourceTree = "<group>"; };
		810B7866164EE34800BED1BD /* NSString+MagicalDataImport.h */ = {isa = PBXFileReference; fileEncoding = 4; lastKnownFileType = sourcecode.c.h; path = "NSString+MagicalDataImport.h"; sourceTree = "<group>"; };
		810B7867164EE34800BED1BD /* NSString+MagicalDataImport.m */ = {isa = PBXFileReference; fileEncoding = 4; lastKnownFileType = sourcecode.c.objc; path = "NSString+MagicalDataImport.m"; sourceTree = "<group>"; };
		810B7869164EE34800BED1BD /* NSManagedObject+MagicalAggregation.h */ = {isa = PBXFileReference; fileEncoding = 4; lastKnownFileType = sourcecode.c.h; path = "NSManagedObject+MagicalAggregation.h"; sourceTree = "<group>"; };
		810B786A164EE34800BED1BD /* NSManagedObject+MagicalAggregation.m */ = {isa = PBXFileReference; fileEncoding = 4; lastKnownFileType = sourcecode.c.objc; path = "NSManagedObject+MagicalAggregation.m"; sourceTree = "<group>"; };
		810B786B164EE34800BED1BD /* NSManagedObject+MagicalDataImport.h */ = {isa = PBXFileReference; fileEncoding = 4; lastKnownFileType = sourcecode.c.h; path = "NSManagedObject+MagicalDataImport.h"; sourceTree = "<group>"; };
		810B786C164EE34800BED1BD /* NSManagedObject+MagicalDataImport.m */ = {isa = PBXFileReference; fileEncoding = 4; lastKnownFileType = sourcecode.c.objc; path = "NSManagedObject+MagicalDataImport.m"; sourceTree = "<group>"; };
		810B786D164EE34800BED1BD /* NSManagedObject+MagicalFinders.h */ = {isa = PBXFileReference; fileEncoding = 4; lastKnownFileType = sourcecode.c.h; path = "NSManagedObject+MagicalFinders.h"; sourceTree = "<group>"; };
		810B786E164EE34800BED1BD /* NSManagedObject+MagicalFinders.m */ = {isa = PBXFileReference; fileEncoding = 4; lastKnownFileType = sourcecode.c.objc; path = "NSManagedObject+MagicalFinders.m"; sourceTree = "<group>"; };
		810B786F164EE34800BED1BD /* NSManagedObject+MagicalRecord.h */ = {isa = PBXFileReference; fileEncoding = 4; lastKnownFileType = sourcecode.c.h; path = "NSManagedObject+MagicalRecord.h"; sourceTree = "<group>"; };
		810B7870164EE34800BED1BD /* NSManagedObject+MagicalRecord.m */ = {isa = PBXFileReference; fileEncoding = 4; lastKnownFileType = sourcecode.c.objc; path = "NSManagedObject+MagicalRecord.m"; sourceTree = "<group>"; };
		810B7871164EE34800BED1BD /* NSManagedObject+MagicalRequests.h */ = {isa = PBXFileReference; fileEncoding = 4; lastKnownFileType = sourcecode.c.h; path = "NSManagedObject+MagicalRequests.h"; sourceTree = "<group>"; };
		810B7872164EE34800BED1BD /* NSManagedObject+MagicalRequests.m */ = {isa = PBXFileReference; fileEncoding = 4; lastKnownFileType = sourcecode.c.objc; path = "NSManagedObject+MagicalRequests.m"; sourceTree = "<group>"; };
		810B7874164EE34800BED1BD /* NSManagedObjectContext+MagicalObserving.h */ = {isa = PBXFileReference; fileEncoding = 4; lastKnownFileType = sourcecode.c.h; path = "NSManagedObjectContext+MagicalObserving.h"; sourceTree = "<group>"; };
		810B7875164EE34800BED1BD /* NSManagedObjectContext+MagicalObserving.m */ = {isa = PBXFileReference; fileEncoding = 4; lastKnownFileType = sourcecode.c.objc; path = "NSManagedObjectContext+MagicalObserving.m"; sourceTree = "<group>"; };
		810B7876164EE34800BED1BD /* NSManagedObjectContext+MagicalRecord.h */ = {isa = PBXFileReference; fileEncoding = 4; lastKnownFileType = sourcecode.c.h; path = "NSManagedObjectContext+MagicalRecord.h"; sourceTree = "<group>"; };
		810B7877164EE34800BED1BD /* NSManagedObjectContext+MagicalRecord.m */ = {isa = PBXFileReference; fileEncoding = 4; lastKnownFileType = sourcecode.c.objc; path = "NSManagedObjectContext+MagicalRecord.m"; sourceTree = "<group>"; };
		810B7878164EE34800BED1BD /* NSManagedObjectContext+MagicalSaves.h */ = {isa = PBXFileReference; fileEncoding = 4; lastKnownFileType = sourcecode.c.h; path = "NSManagedObjectContext+MagicalSaves.h"; sourceTree = "<group>"; };
		810B7879164EE34800BED1BD /* NSManagedObjectContext+MagicalSaves.m */ = {isa = PBXFileReference; fileEncoding = 4; lastKnownFileType = sourcecode.c.objc; path = "NSManagedObjectContext+MagicalSaves.m"; sourceTree = "<group>"; };
		810B787A164EE34800BED1BD /* NSManagedObjectContext+MagicalThreading.h */ = {isa = PBXFileReference; fileEncoding = 4; lastKnownFileType = sourcecode.c.h; path = "NSManagedObjectContext+MagicalThreading.h"; sourceTree = "<group>"; };
		810B787B164EE34800BED1BD /* NSManagedObjectContext+MagicalThreading.m */ = {isa = PBXFileReference; fileEncoding = 4; lastKnownFileType = sourcecode.c.objc; path = "NSManagedObjectContext+MagicalThreading.m"; sourceTree = "<group>"; };
		810B787C164EE34800BED1BD /* NSManagedObjectModel+MagicalRecord.h */ = {isa = PBXFileReference; fileEncoding = 4; lastKnownFileType = sourcecode.c.h; path = "NSManagedObjectModel+MagicalRecord.h"; sourceTree = "<group>"; };
		810B787D164EE34800BED1BD /* NSManagedObjectModel+MagicalRecord.m */ = {isa = PBXFileReference; fileEncoding = 4; lastKnownFileType = sourcecode.c.objc; path = "NSManagedObjectModel+MagicalRecord.m"; sourceTree = "<group>"; };
		810B787E164EE34800BED1BD /* NSPersistentStore+MagicalRecord.h */ = {isa = PBXFileReference; fileEncoding = 4; lastKnownFileType = sourcecode.c.h; path = "NSPersistentStore+MagicalRecord.h"; sourceTree = "<group>"; };
		810B787F164EE34800BED1BD /* NSPersistentStore+MagicalRecord.m */ = {isa = PBXFileReference; fileEncoding = 4; lastKnownFileType = sourcecode.c.objc; path = "NSPersistentStore+MagicalRecord.m"; sourceTree = "<group>"; };
		810B7880164EE34800BED1BD /* NSPersistentStoreCoordinator+MagicalRecord.h */ = {isa = PBXFileReference; fileEncoding = 4; lastKnownFileType = sourcecode.c.h; path = "NSPersistentStoreCoordinator+MagicalRecord.h"; sourceTree = "<group>"; };
		810B7881164EE34800BED1BD /* NSPersistentStoreCoordinator+MagicalRecord.m */ = {isa = PBXFileReference; fileEncoding = 4; lastKnownFileType = sourcecode.c.objc; path = "NSPersistentStoreCoordinator+MagicalRecord.m"; sourceTree = "<group>"; };
		810B7883164EE34800BED1BD /* MagicalRecord+Actions.h */ = {isa = PBXFileReference; fileEncoding = 4; lastKnownFileType = sourcecode.c.h; path = "MagicalRecord+Actions.h"; sourceTree = "<group>"; };
		810B7884164EE34800BED1BD /* MagicalRecord+Actions.m */ = {isa = PBXFileReference; fileEncoding = 4; lastKnownFileType = sourcecode.c.objc; path = "MagicalRecord+Actions.m"; sourceTree = "<group>"; };
		810B7885164EE34800BED1BD /* MagicalRecord+ErrorHandling.h */ = {isa = PBXFileReference; fileEncoding = 4; lastKnownFileType = sourcecode.c.h; path = "MagicalRecord+ErrorHandling.h"; sourceTree = "<group>"; };
		810B7886164EE34800BED1BD /* MagicalRecord+ErrorHandling.m */ = {isa = PBXFileReference; fileEncoding = 4; lastKnownFileType = sourcecode.c.objc; path = "MagicalRecord+ErrorHandling.m"; sourceTree = "<group>"; };
		810B7887164EE34800BED1BD /* MagicalRecord+iCloud.h */ = {isa = PBXFileReference; fileEncoding = 4; lastKnownFileType = sourcecode.c.h; path = "MagicalRecord+iCloud.h"; sourceTree = "<group>"; };
		810B7888164EE34800BED1BD /* MagicalRecord+iCloud.m */ = {isa = PBXFileReference; fileEncoding = 4; lastKnownFileType = sourcecode.c.objc; path = "MagicalRecord+iCloud.m"; sourceTree = "<group>"; };
		810B7889164EE34800BED1BD /* MagicalRecord+Options.h */ = {isa = PBXFileReference; fileEncoding = 4; lastKnownFileType = sourcecode.c.h; path = "MagicalRecord+Options.h"; sourceTree = "<group>"; };
		810B788A164EE34800BED1BD /* MagicalRecord+Options.m */ = {isa = PBXFileReference; fileEncoding = 4; lastKnownFileType = sourcecode.c.objc; path = "MagicalRecord+Options.m"; sourceTree = "<group>"; };
		810B788B164EE34800BED1BD /* MagicalRecord+Setup.h */ = {isa = PBXFileReference; fileEncoding = 4; lastKnownFileType = sourcecode.c.h; path = "MagicalRecord+Setup.h"; sourceTree = "<group>"; };
		810B788C164EE34800BED1BD /* MagicalRecord+Setup.m */ = {isa = PBXFileReference; fileEncoding = 4; lastKnownFileType = sourcecode.c.objc; path = "MagicalRecord+Setup.m"; sourceTree = "<group>"; };
		810B788D164EE34800BED1BD /* MagicalRecord+ShorthandSupport.h */ = {isa = PBXFileReference; fileEncoding = 4; lastKnownFileType = sourcecode.c.h; path = "MagicalRecord+ShorthandSupport.h"; sourceTree = "<group>"; };
		810B788E164EE34800BED1BD /* MagicalRecord+ShorthandSupport.m */ = {isa = PBXFileReference; fileEncoding = 4; lastKnownFileType = sourcecode.c.objc; path = "MagicalRecord+ShorthandSupport.m"; sourceTree = "<group>"; };
		810B788F164EE34800BED1BD /* MagicalRecord.h */ = {isa = PBXFileReference; fileEncoding = 4; lastKnownFileType = sourcecode.c.h; path = MagicalRecord.h; sourceTree = "<group>"; };
		810B7890164EE34800BED1BD /* MagicalRecord.m */ = {isa = PBXFileReference; fileEncoding = 4; lastKnownFileType = sourcecode.c.objc; path = MagicalRecord.m; sourceTree = "<group>"; };
		810B7891164EE34800BED1BD /* MagicalRecordShorthand.h */ = {isa = PBXFileReference; fileEncoding = 4; lastKnownFileType = sourcecode.c.h; path = MagicalRecordShorthand.h; sourceTree = "<group>"; };
		810B7892164EE34800BED1BD /* CoreData+MagicalRecord.h */ = {isa = PBXFileReference; fileEncoding = 4; lastKnownFileType = sourcecode.c.h; path = "CoreData+MagicalRecord.h"; sourceTree = "<group>"; };
		810B78CB164EED6500BED1BD /* User.h */ = {isa = PBXFileReference; fileEncoding = 4; lastKnownFileType = sourcecode.c.h; path = User.h; sourceTree = "<group>"; };
		810B78CC164EED6500BED1BD /* User.m */ = {isa = PBXFileReference; fileEncoding = 4; lastKnownFileType = sourcecode.c.objc; path = User.m; sourceTree = "<group>"; };
		8131749B16359AE6002678F9 /* Default-568h@2x.png */ = {isa = PBXFileReference; lastKnownFileType = image.png; name = "Default-568h@2x.png"; path = "../Default-568h@2x.png"; sourceTree = "<group>"; };
		91C84B06163397C600B3C77A /* AboutUsViewController.h */ = {isa = PBXFileReference; fileEncoding = 4; lastKnownFileType = sourcecode.c.h; name = AboutUsViewController.h; path = ../AboutUsViewController.h; sourceTree = "<group>"; };
		91C84B07163397C700B3C77A /* AboutUsViewController.m */ = {isa = PBXFileReference; fileEncoding = 4; lastKnownFileType = sourcecode.c.objc; name = AboutUsViewController.m; path = ../AboutUsViewController.m; sourceTree = "<group>"; };
		91C84B0A16339AF300B3C77A /* SearchByDayViewController.h */ = {isa = PBXFileReference; fileEncoding = 4; lastKnownFileType = sourcecode.c.h; name = SearchByDayViewController.h; path = ../SearchByDayViewController.h; sourceTree = "<group>"; };
		91C84B0B16339AF300B3C77A /* SearchByDayViewController.m */ = {isa = PBXFileReference; fileEncoding = 4; lastKnownFileType = sourcecode.c.objc; name = SearchByDayViewController.m; path = ../SearchByDayViewController.m; sourceTree = "<group>"; };
		91C84B0D16339B1300B3C77A /* SearchByTagsViewController.h */ = {isa = PBXFileReference; fileEncoding = 4; lastKnownFileType = sourcecode.c.h; name = SearchByTagsViewController.h; path = ../SearchByTagsViewController.h; sourceTree = "<group>"; };
		91C84B0E16339B1300B3C77A /* SearchByTagsViewController.m */ = {isa = PBXFileReference; fileEncoding = 4; lastKnownFileType = sourcecode.c.objc; name = SearchByTagsViewController.m; path = ../SearchByTagsViewController.m; sourceTree = "<group>"; };
		9EFE2F9B1633AB7A00EB264C /* MarkUpControl.h */ = {isa = PBXFileReference; fileEncoding = 4; lastKnownFileType = sourcecode.c.h; path = MarkUpControl.h; sourceTree = "<group>"; };
		9EFE2F9C1633AB7A00EB264C /* MarkUpControl.m */ = {isa = PBXFileReference; fileEncoding = 4; lastKnownFileType = sourcecode.c.objc; path = MarkUpControl.m; sourceTree = "<group>"; };
		9EFE2F9E1633AB7A00EB264C /* fileIOController.h */ = {isa = PBXFileReference; fileEncoding = 4; lastKnownFileType = sourcecode.c.h; path = fileIOController.h; sourceTree = "<group>"; };
		9EFE2F9F1633AB7A00EB264C /* fileIOController.m */ = {isa = PBXFileReference; fileEncoding = 4; lastKnownFileType = sourcecode.c.objc; path = fileIOController.m; sourceTree = "<group>"; };
		9EFE2FA11633AB7A00EB264C /* icon_done.png */ = {isa = PBXFileReference; lastKnownFileType = image.png; path = icon_done.png; sourceTree = "<group>"; };
		9EFE2FA21633AB7A00EB264C /* icon_draw.png */ = {isa = PBXFileReference; lastKnownFileType = image.png; path = icon_draw.png; sourceTree = "<group>"; };
		9EFE2FA31633AB7A00EB264C /* icon_note.png */ = {isa = PBXFileReference; lastKnownFileType = image.png; path = icon_note.png; sourceTree = "<group>"; };
		9EFE2FA41633AB7A00EB264C /* icon_option.png */ = {isa = PBXFileReference; lastKnownFileType = image.png; path = icon_option.png; sourceTree = "<group>"; };
		9EFE2FA51633AB7A00EB264C /* icon_tag.png */ = {isa = PBXFileReference; lastKnownFileType = image.png; path = icon_tag.png; sourceTree = "<group>"; };
		9EFE2FA61633AB7A00EB264C /* output.txt */ = {isa = PBXFileReference; fileEncoding = 4; lastKnownFileType = text; path = output.txt; sourceTree = "<group>"; };
		9EFE2FA81633AB7A00EB264C /* beach.png */ = {isa = PBXFileReference; lastKnownFileType = image.png; path = beach.png; sourceTree = "<group>"; };
		9EFE2FA91633AB7A00EB264C /* flag.png */ = {isa = PBXFileReference; lastKnownFileType = image.png; path = flag.png; sourceTree = "<group>"; };
		9EFE2FAA1633AB7A00EB264C /* olives.png */ = {isa = PBXFileReference; lastKnownFileType = image.png; path = olives.png; sourceTree = "<group>"; };
		9EFE2FAB1633AB7A00EB264C /* overlook.png */ = {isa = PBXFileReference; lastKnownFileType = image.png; path = overlook.png; sourceTree = "<group>"; };
		9EFE2FAC1633AB7A00EB264C /* winery.png */ = {isa = PBXFileReference; lastKnownFileType = image.png; path = winery.png; sourceTree = "<group>"; };
		9EFE2FAD1633AB7A00EB264C /* tags.txt */ = {isa = PBXFileReference; fileEncoding = 4; lastKnownFileType = text; path = tags.txt; sourceTree = "<group>"; };
		E8C5298416332E3600BF8231 /* iRemember.app */ = {isa = PBXFileReference; explicitFileType = wrapper.application; includeInIndex = 0; path = iRemember.app; sourceTree = BUILT_PRODUCTS_DIR; };
		E8C5298816332E3600BF8231 /* UIKit.framework */ = {isa = PBXFileReference; lastKnownFileType = wrapper.framework; name = UIKit.framework; path = System/Library/Frameworks/UIKit.framework; sourceTree = SDKROOT; };
		E8C5298A16332E3600BF8231 /* Foundation.framework */ = {isa = PBXFileReference; lastKnownFileType = wrapper.framework; name = Foundation.framework; path = System/Library/Frameworks/Foundation.framework; sourceTree = SDKROOT; };
		E8C5298C16332E3600BF8231 /* CoreGraphics.framework */ = {isa = PBXFileReference; lastKnownFileType = wrapper.framework; name = CoreGraphics.framework; path = System/Library/Frameworks/CoreGraphics.framework; sourceTree = SDKROOT; };
		E8C5299016332E3600BF8231 /* iRemember-Info.plist */ = {isa = PBXFileReference; lastKnownFileType = text.plist.xml; path = "iRemember-Info.plist"; sourceTree = "<group>"; };
		E8C5299216332E3600BF8231 /* en */ = {isa = PBXFileReference; lastKnownFileType = text.plist.strings; name = en; path = en.lproj/InfoPlist.strings; sourceTree = "<group>"; };
		E8C5299416332E3600BF8231 /* main.m */ = {isa = PBXFileReference; lastKnownFileType = sourcecode.c.objc; path = main.m; sourceTree = "<group>"; };
		E8C5299616332E3600BF8231 /* iRemember-Prefix.pch */ = {isa = PBXFileReference; lastKnownFileType = sourcecode.c.h; path = "iRemember-Prefix.pch"; sourceTree = "<group>"; };
		E8C5299716332E3600BF8231 /* AppDelegate.h */ = {isa = PBXFileReference; lastKnownFileType = sourcecode.c.h; path = AppDelegate.h; sourceTree = "<group>"; };
		E8C5299816332E3600BF8231 /* AppDelegate.m */ = {isa = PBXFileReference; lastKnownFileType = sourcecode.c.objc; path = AppDelegate.m; sourceTree = "<group>"; };
		E8C529A816332E3600BF8231 /* iRememberTests.octest */ = {isa = PBXFileReference; explicitFileType = wrapper.cfbundle; includeInIndex = 0; path = iRememberTests.octest; sourceTree = BUILT_PRODUCTS_DIR; };
		E8C529A916332E3600BF8231 /* SenTestingKit.framework */ = {isa = PBXFileReference; lastKnownFileType = wrapper.framework; name = SenTestingKit.framework; path = Library/Frameworks/SenTestingKit.framework; sourceTree = DEVELOPER_DIR; };
		E8C529B116332E3600BF8231 /* iRememberTests-Info.plist */ = {isa = PBXFileReference; lastKnownFileType = text.plist.xml; path = "iRememberTests-Info.plist"; sourceTree = "<group>"; };
		E8C529B316332E3600BF8231 /* en */ = {isa = PBXFileReference; lastKnownFileType = text.plist.strings; name = en; path = en.lproj/InfoPlist.strings; sourceTree = "<group>"; };
		E8C529B516332E3600BF8231 /* iRemember_Tests.h */ = {isa = PBXFileReference; lastKnownFileType = sourcecode.c.h; path = iRemember_Tests.h; sourceTree = "<group>"; };
		E8C529B616332E3600BF8231 /* iRemember_Tests.m */ = {isa = PBXFileReference; lastKnownFileType = sourcecode.c.objc; path = iRemember_Tests.m; sourceTree = "<group>"; };
		E8C529C016332EC600BF8231 /* iRemember.jpg */ = {isa = PBXFileReference; lastKnownFileType = image.jpeg; path = iRemember.jpg; sourceTree = "<group>"; };
		E8C529C21633300800BF8231 /* MainMenuViewController.h */ = {isa = PBXFileReference; fileEncoding = 4; lastKnownFileType = sourcecode.c.h; path = MainMenuViewController.h; sourceTree = "<group>"; };
		E8C529C31633300800BF8231 /* MainMenuViewController.m */ = {isa = PBXFileReference; fileEncoding = 4; lastKnownFileType = sourcecode.c.objc; path = MainMenuViewController.m; sourceTree = "<group>"; };
		E8C529C51633301600BF8231 /* EditPhotoViewController.h */ = {isa = PBXFileReference; fileEncoding = 4; lastKnownFileType = sourcecode.c.h; path = EditPhotoViewController.h; sourceTree = "<group>"; };
		E8C529C61633301600BF8231 /* EditPhotoViewController.m */ = {isa = PBXFileReference; fileEncoding = 4; lastKnownFileType = sourcecode.c.objc; path = EditPhotoViewController.m; sourceTree = "<group>"; };
		E8C529CB163335A900BF8231 /* MainStoryboard_iPhone.storyboard */ = {isa = PBXFileReference; fileEncoding = 4; lastKnownFileType = file.storyboard; path = MainStoryboard_iPhone.storyboard; sourceTree = "<group>"; };
		F389FE93163364150043C395 /* CoreLocation.framework */ = {isa = PBXFileReference; lastKnownFileType = wrapper.framework; name = CoreLocation.framework; path = System/Library/Frameworks/CoreLocation.framework; sourceTree = SDKROOT; };
		F389FE95163364280043C395 /* MapKit.framework */ = {isa = PBXFileReference; lastKnownFileType = wrapper.framework; name = MapKit.framework; path = System/Library/Frameworks/MapKit.framework; sourceTree = SDKROOT; };
		F3CAD42A164EFB0E0096EFC3 /* ViewGeotagViewController.h */ = {isa = PBXFileReference; fileEncoding = 4; lastKnownFileType = sourcecode.c.h; name = ViewGeotagViewController.h; path = ../ViewGeotagViewController.h; sourceTree = "<group>"; };
		F3CAD42B164EFB0E0096EFC3 /* ViewGeotagViewController.m */ = {isa = PBXFileReference; fileEncoding = 4; lastKnownFileType = sourcecode.c.objc; name = ViewGeotagViewController.m; path = ../ViewGeotagViewController.m; sourceTree = "<group>"; };
/* End PBXFileReference section */

/* Begin PBXFrameworksBuildPhase section */
		E8C5298116332E3600BF8231 /* Frameworks */ = {
			isa = PBXFrameworksBuildPhase;
			buildActionMask = 2147483647;
			files = (
				F389FE96163364280043C395 /* MapKit.framework in Frameworks */,
				F389FE94163364150043C395 /* CoreLocation.framework in Frameworks */,
				23BACF69163362680071E5B6 /* CoreData.framework in Frameworks */,
				E8C5298916332E3600BF8231 /* UIKit.framework in Frameworks */,
				E8C5298B16332E3600BF8231 /* Foundation.framework in Frameworks */,
				E8C5298D16332E3600BF8231 /* CoreGraphics.framework in Frameworks */,
			);
			runOnlyForDeploymentPostprocessing = 0;
		};
		E8C529A416332E3600BF8231 /* Frameworks */ = {
			isa = PBXFrameworksBuildPhase;
			buildActionMask = 2147483647;
			files = (
				E8C529AA16332E3600BF8231 /* SenTestingKit.framework in Frameworks */,
				E8C529AB16332E3600BF8231 /* UIKit.framework in Frameworks */,
				E8C529AC16332E3600BF8231 /* Foundation.framework in Frameworks */,
			);
			runOnlyForDeploymentPostprocessing = 0;
		};
/* End PBXFrameworksBuildPhase section */

/* Begin PBXGroup section */
		810B7857164EE34800BED1BD /* MagicalRecord */ = {
			isa = PBXGroup;
			children = (
				810B7858164EE34800BED1BD /* Categories */,
				810B7882164EE34800BED1BD /* Core */,
				810B7892164EE34800BED1BD /* CoreData+MagicalRecord.h */,
			);
			path = MagicalRecord;
			sourceTree = "<group>";
		};
		810B7858164EE34800BED1BD /* Categories */ = {
			isa = PBXGroup;
			children = (
				810B7859164EE34800BED1BD /* DataImport */,
				810B7868164EE34800BED1BD /* NSManagedObject */,
				810B7873164EE34800BED1BD /* NSManagedObjectContext */,
				810B787C164EE34800BED1BD /* NSManagedObjectModel+MagicalRecord.h */,
				810B787D164EE34800BED1BD /* NSManagedObjectModel+MagicalRecord.m */,
				810B787E164EE34800BED1BD /* NSPersistentStore+MagicalRecord.h */,
				810B787F164EE34800BED1BD /* NSPersistentStore+MagicalRecord.m */,
				810B7880164EE34800BED1BD /* NSPersistentStoreCoordinator+MagicalRecord.h */,
				810B7881164EE34800BED1BD /* NSPersistentStoreCoordinator+MagicalRecord.m */,
			);
			path = Categories;
			sourceTree = "<group>";
		};
		810B7859164EE34800BED1BD /* DataImport */ = {
			isa = PBXGroup;
			children = (
				810B785A164EE34800BED1BD /* MagicalImportFunctions.h */,
				810B785B164EE34800BED1BD /* MagicalImportFunctions.m */,
				810B785C164EE34800BED1BD /* NSAttributeDescription+MagicalDataImport.h */,
				810B785D164EE34800BED1BD /* NSAttributeDescription+MagicalDataImport.m */,
				810B785E164EE34800BED1BD /* NSEntityDescription+MagicalDataImport.h */,
				810B785F164EE34800BED1BD /* NSEntityDescription+MagicalDataImport.m */,
				810B7860164EE34800BED1BD /* NSNumber+MagicalDataImport.h */,
				810B7861164EE34800BED1BD /* NSNumber+MagicalDataImport.m */,
				810B7862164EE34800BED1BD /* NSObject+MagicalDataImport.h */,
				810B7863164EE34800BED1BD /* NSObject+MagicalDataImport.m */,
				810B7864164EE34800BED1BD /* NSRelationshipDescription+MagicalDataImport.h */,
				810B7865164EE34800BED1BD /* NSRelationshipDescription+MagicalDataImport.m */,
				810B7866164EE34800BED1BD /* NSString+MagicalDataImport.h */,
				810B7867164EE34800BED1BD /* NSString+MagicalDataImport.m */,
			);
			path = DataImport;
			sourceTree = "<group>";
		};
		810B7868164EE34800BED1BD /* NSManagedObject */ = {
			isa = PBXGroup;
			children = (
				810B7869164EE34800BED1BD /* NSManagedObject+MagicalAggregation.h */,
				810B786A164EE34800BED1BD /* NSManagedObject+MagicalAggregation.m */,
				810B786B164EE34800BED1BD /* NSManagedObject+MagicalDataImport.h */,
				810B786C164EE34800BED1BD /* NSManagedObject+MagicalDataImport.m */,
				810B786D164EE34800BED1BD /* NSManagedObject+MagicalFinders.h */,
				810B786E164EE34800BED1BD /* NSManagedObject+MagicalFinders.m */,
				810B786F164EE34800BED1BD /* NSManagedObject+MagicalRecord.h */,
				810B7870164EE34800BED1BD /* NSManagedObject+MagicalRecord.m */,
				810B7871164EE34800BED1BD /* NSManagedObject+MagicalRequests.h */,
				810B7872164EE34800BED1BD /* NSManagedObject+MagicalRequests.m */,
			);
			path = NSManagedObject;
			sourceTree = "<group>";
		};
		810B7873164EE34800BED1BD /* NSManagedObjectContext */ = {
			isa = PBXGroup;
			children = (
				810B7874164EE34800BED1BD /* NSManagedObjectContext+MagicalObserving.h */,
				810B7875164EE34800BED1BD /* NSManagedObjectContext+MagicalObserving.m */,
				810B7876164EE34800BED1BD /* NSManagedObjectContext+MagicalRecord.h */,
				810B7877164EE34800BED1BD /* NSManagedObjectContext+MagicalRecord.m */,
				810B7878164EE34800BED1BD /* NSManagedObjectContext+MagicalSaves.h */,
				810B7879164EE34800BED1BD /* NSManagedObjectContext+MagicalSaves.m */,
				810B787A164EE34800BED1BD /* NSManagedObjectContext+MagicalThreading.h */,
				810B787B164EE34800BED1BD /* NSManagedObjectContext+MagicalThreading.m */,
			);
			path = NSManagedObjectContext;
			sourceTree = "<group>";
		};
		810B7882164EE34800BED1BD /* Core */ = {
			isa = PBXGroup;
			children = (
				810B7883164EE34800BED1BD /* MagicalRecord+Actions.h */,
				810B7884164EE34800BED1BD /* MagicalRecord+Actions.m */,
				810B7885164EE34800BED1BD /* MagicalRecord+ErrorHandling.h */,
				810B7886164EE34800BED1BD /* MagicalRecord+ErrorHandling.m */,
				810B7887164EE34800BED1BD /* MagicalRecord+iCloud.h */,
				810B7888164EE34800BED1BD /* MagicalRecord+iCloud.m */,
				810B7889164EE34800BED1BD /* MagicalRecord+Options.h */,
				810B788A164EE34800BED1BD /* MagicalRecord+Options.m */,
				810B788B164EE34800BED1BD /* MagicalRecord+Setup.h */,
				810B788C164EE34800BED1BD /* MagicalRecord+Setup.m */,
				810B788D164EE34800BED1BD /* MagicalRecord+ShorthandSupport.h */,
				810B788E164EE34800BED1BD /* MagicalRecord+ShorthandSupport.m */,
				810B788F164EE34800BED1BD /* MagicalRecord.h */,
				810B7890164EE34800BED1BD /* MagicalRecord.m */,
				810B7891164EE34800BED1BD /* MagicalRecordShorthand.h */,
			);
			path = Core;
			sourceTree = "<group>";
		};
		9EFE2F9A1633AB7A00EB264C /* MarkUp */ = {
			isa = PBXGroup;
			children = (
				9EFE2F9B1633AB7A00EB264C /* MarkUpControl.h */,
				9EFE2F9C1633AB7A00EB264C /* MarkUpControl.m */,
				9EFE2F9D1633AB7A00EB264C /* MarkUpSupport */,
			);
			path = MarkUp;
			sourceTree = "<group>";
		};
		9EFE2F9D1633AB7A00EB264C /* MarkUpSupport */ = {
			isa = PBXGroup;
			children = (
				9EFE2F9E1633AB7A00EB264C /* fileIOController.h */,
				9EFE2F9F1633AB7A00EB264C /* fileIOController.m */,
				9EFE2FA01633AB7A00EB264C /* icons */,
				9EFE2FA71633AB7A00EB264C /* photos */,
				9EFE2FAD1633AB7A00EB264C /* tags.txt */,
				9EFE2FA61633AB7A00EB264C /* output.txt */,
			);
			path = MarkUpSupport;
			sourceTree = "<group>";
		};
		9EFE2FA01633AB7A00EB264C /* icons */ = {
			isa = PBXGroup;
			children = (
				9EFE2FA11633AB7A00EB264C /* icon_done.png */,
				9EFE2FA21633AB7A00EB264C /* icon_draw.png */,
				9EFE2FA31633AB7A00EB264C /* icon_note.png */,
				9EFE2FA41633AB7A00EB264C /* icon_option.png */,
				9EFE2FA51633AB7A00EB264C /* icon_tag.png */,
			);
			path = icons;
			sourceTree = "<group>";
		};
		9EFE2FA71633AB7A00EB264C /* photos */ = {
			isa = PBXGroup;
			children = (
				9EFE2FA81633AB7A00EB264C /* beach.png */,
				9EFE2FA91633AB7A00EB264C /* flag.png */,
				9EFE2FAA1633AB7A00EB264C /* olives.png */,
				9EFE2FAB1633AB7A00EB264C /* overlook.png */,
				9EFE2FAC1633AB7A00EB264C /* winery.png */,
			);
			path = photos;
			sourceTree = "<group>";
		};
		CE393C1F1635408C00563248 /* Search */ = {
			isa = PBXGroup;
			children = (
				91C84B0A16339AF300B3C77A /* SearchByDayViewController.h */,
				91C84B0B16339AF300B3C77A /* SearchByDayViewController.m */,
				91C84B0D16339B1300B3C77A /* SearchByTagsViewController.h */,
				91C84B0E16339B1300B3C77A /* SearchByTagsViewController.m */,
			);
			name = Search;
			path = MarkUp;
			sourceTree = "<group>";
		};
		CE393C21163540AC00563248 /* InfoPage */ = {
			isa = PBXGroup;
			children = (
				233CD013163384920056B3AF /* HelpViewController.h */,
				233CD014163384920056B3AF /* HelpViewController.m */,
				91C84B06163397C600B3C77A /* AboutUsViewController.h */,
				91C84B07163397C700B3C77A /* AboutUsViewController.m */,
			);
			name = InfoPage;
			path = MarkUp;
			sourceTree = "<group>";
		};
		CE393C22163540CB00563248 /* Data */ = {
			isa = PBXGroup;
			children = (
				810B7769164ED9F500BED1BD /* Note.h */,
				810B777B164ED9F500BED1BD /* Tag.h */,
				810B777C164ED9F500BED1BD /* Tag.m */,
				810B7778164ED9F500BED1BD /* TagType.h */,
				810B7779164ED9F500BED1BD /* TagType.m */,
				810B7775164ED9F500BED1BD /* Session.h */,
				810B7776164ED9F500BED1BD /* Session.m */,
				810B7772164ED9F500BED1BD /* Draw.h */,
				810B7773164ED9F500BED1BD /* Draw.m */,
				810B776C164ED9F500BED1BD /* TagDetail.h */,
				810B776D164ED9F500BED1BD /* TagDetail.m */,
				810B776A164ED9F500BED1BD /* Note.m */,
				810B78CB164EED6500BED1BD /* User.h */,
				810B78CC164EED6500BED1BD /* User.m */,
				23BACEFC16335E560071E5B6 /* iRememberModel.xcdatamodeld */,
			);
			name = Data;
			sourceTree = "<group>";
		};
		E8C5297916332E3600BF8231 = {
			isa = PBXGroup;
			children = (
				E8C5298E16332E3600BF8231 /* iRemember */,
				E8C529AF16332E3600BF8231 /* iRemember_Tests */,
				E8C5298716332E3600BF8231 /* Frameworks */,
				E8C5298516332E3600BF8231 /* Products */,
			);
			sourceTree = "<group>";
		};
		E8C5298516332E3600BF8231 /* Products */ = {
			isa = PBXGroup;
			children = (
				E8C5298416332E3600BF8231 /* iRemember.app */,
				E8C529A816332E3600BF8231 /* iRememberTests.octest */,
			);
			name = Products;
			sourceTree = "<group>";
		};
		E8C5298716332E3600BF8231 /* Frameworks */ = {
			isa = PBXGroup;
			children = (
				F389FE93163364150043C395 /* CoreLocation.framework */,
				F389FE95163364280043C395 /* MapKit.framework */,
				23BACF68163362680071E5B6 /* CoreData.framework */,
				E8C5298816332E3600BF8231 /* UIKit.framework */,
				E8C5298A16332E3600BF8231 /* Foundation.framework */,
				E8C5298C16332E3600BF8231 /* CoreGraphics.framework */,
				E8C529A916332E3600BF8231 /* SenTestingKit.framework */,
			);
			name = Frameworks;
			sourceTree = "<group>";
		};
		E8C5298E16332E3600BF8231 /* iRemember */ = {
			isa = PBXGroup;
			children = (
				810B7857164EE34800BED1BD /* MagicalRecord */,
				23BACF6E163367950071E5B6 /* LoginViewController.h */,
				23BACF6F163367950071E5B6 /* LoginViewController.m */,
				F3CAD42A164EFB0E0096EFC3 /* ViewGeotagViewController.h */,
				F3CAD42B164EFB0E0096EFC3 /* ViewGeotagViewController.m */,
				E8C529C21633300800BF8231 /* MainMenuViewController.h */,
				E8C529C31633300800BF8231 /* MainMenuViewController.m */,
				E8C529C51633301600BF8231 /* EditPhotoViewController.h */,
				E8C529C61633301600BF8231 /* EditPhotoViewController.m */,
				E8C5299716332E3600BF8231 /* AppDelegate.h */,
				E8C5299816332E3600BF8231 /* AppDelegate.m */,
				E8C529CB163335A900BF8231 /* MainStoryboard_iPhone.storyboard */,
				CE393C21163540AC00563248 /* InfoPage */,
				CE393C1F1635408C00563248 /* Search */,
				9EFE2F9A1633AB7A00EB264C /* MarkUp */,
				CE393C22163540CB00563248 /* Data */,
				E8C5298F16332E3600BF8231 /* Supporting Files */,
			);
			name = iRemember;
			path = iRemember_20Oct2012;
			sourceTree = "<group>";
		};
		E8C5298F16332E3600BF8231 /* Supporting Files */ = {
			isa = PBXGroup;
			children = (
				E8C5299016332E3600BF8231 /* iRemember-Info.plist */,
				8131749B16359AE6002678F9 /* Default-568h@2x.png */,
				E8C5299116332E3600BF8231 /* InfoPlist.strings */,
				E8C529C016332EC600BF8231 /* iRemember.jpg */,
				E8C5299416332E3600BF8231 /* main.m */,
				E8C5299616332E3600BF8231 /* iRemember-Prefix.pch */,
			);
			name = "Supporting Files";
			sourceTree = "<group>";
		};
		E8C529AF16332E3600BF8231 /* iRemember_Tests */ = {
			isa = PBXGroup;
			children = (
				E8C529B516332E3600BF8231 /* iRemember_Tests.h */,
				E8C529B616332E3600BF8231 /* iRemember_Tests.m */,
				E8C529B016332E3600BF8231 /* Supporting Files */,
			);
			name = iRemember_Tests;
			path = iRemember_20Oct2012Tests;
			sourceTree = "<group>";
		};
		E8C529B016332E3600BF8231 /* Supporting Files */ = {
			isa = PBXGroup;
			children = (
				E8C529B116332E3600BF8231 /* iRememberTests-Info.plist */,
				E8C529B216332E3600BF8231 /* InfoPlist.strings */,
			);
			name = "Supporting Files";
			sourceTree = "<group>";
		};
/* End PBXGroup section */

/* Begin PBXNativeTarget section */
		E8C5298316332E3600BF8231 /* iRemember */ = {
			isa = PBXNativeTarget;
			buildConfigurationList = E8C529BA16332E3600BF8231 /* Build configuration list for PBXNativeTarget "iRemember" */;
			buildPhases = (
				E8C5298016332E3600BF8231 /* Sources */,
				E8C5298116332E3600BF8231 /* Frameworks */,
				E8C5298216332E3600BF8231 /* Resources */,
			);
			buildRules = (
			);
			dependencies = (
			);
			name = iRemember;
			productName = iRemember_20Oct2012;
			productReference = E8C5298416332E3600BF8231 /* iRemember.app */;
			productType = "com.apple.product-type.application";
		};
		E8C529A716332E3600BF8231 /* iRememberTests */ = {
			isa = PBXNativeTarget;
			buildConfigurationList = E8C529BD16332E3600BF8231 /* Build configuration list for PBXNativeTarget "iRememberTests" */;
			buildPhases = (
				E8C529A316332E3600BF8231 /* Sources */,
				E8C529A416332E3600BF8231 /* Frameworks */,
				E8C529A516332E3600BF8231 /* Resources */,
				E8C529A616332E3600BF8231 /* ShellScript */,
			);
			buildRules = (
			);
			dependencies = (
				E8C529AE16332E3600BF8231 /* PBXTargetDependency */,
			);
			name = iRememberTests;
			productName = iRemember_20Oct2012Tests;
			productReference = E8C529A816332E3600BF8231 /* iRememberTests.octest */;
			productType = "com.apple.product-type.bundle";
		};
/* End PBXNativeTarget section */

/* Begin PBXProject section */
		E8C5297B16332E3600BF8231 /* Project object */ = {
			isa = PBXProject;
			attributes = {
				LastUpgradeCheck = 0440;
				ORGANIZATIONNAME = "Double One";
			};
			buildConfigurationList = E8C5297E16332E3600BF8231 /* Build configuration list for PBXProject "iRemember" */;
			compatibilityVersion = "Xcode 3.2";
			developmentRegion = English;
			hasScannedForEncodings = 0;
			knownRegions = (
				en,
			);
			mainGroup = E8C5297916332E3600BF8231;
			productRefGroup = E8C5298516332E3600BF8231 /* Products */;
			projectDirPath = "";
			projectRoot = "";
			targets = (
				E8C5298316332E3600BF8231 /* iRemember */,
				E8C529A716332E3600BF8231 /* iRememberTests */,
			);
		};
/* End PBXProject section */

/* Begin PBXResourcesBuildPhase section */
		E8C5298216332E3600BF8231 /* Resources */ = {
			isa = PBXResourcesBuildPhase;
			buildActionMask = 2147483647;
			files = (
				E8C5299316332E3600BF8231 /* InfoPlist.strings in Resources */,
				E8C529C116332EC600BF8231 /* iRemember.jpg in Resources */,
				E8C529CC163335A900BF8231 /* MainStoryboard_iPhone.storyboard in Resources */,
				9EFE2FB01633AB7A00EB264C /* icon_done.png in Resources */,
				9EFE2FB11633AB7A00EB264C /* icon_draw.png in Resources */,
				9EFE2FB21633AB7A00EB264C /* icon_note.png in Resources */,
				9EFE2FB31633AB7A00EB264C /* icon_option.png in Resources */,
				9EFE2FB41633AB7A00EB264C /* icon_tag.png in Resources */,
				9EFE2FB51633AB7A00EB264C /* output.txt in Resources */,
				9EFE2FB61633AB7A00EB264C /* beach.png in Resources */,
				9EFE2FB71633AB7A00EB264C /* flag.png in Resources */,
				9EFE2FB81633AB7A00EB264C /* olives.png in Resources */,
				9EFE2FB91633AB7A00EB264C /* overlook.png in Resources */,
				9EFE2FBA1633AB7A00EB264C /* winery.png in Resources */,
				9EFE2FBB1633AB7A00EB264C /* tags.txt in Resources */,
				8131749C16359AE6002678F9 /* Default-568h@2x.png in Resources */,
			);
			runOnlyForDeploymentPostprocessing = 0;
		};
		E8C529A516332E3600BF8231 /* Resources */ = {
			isa = PBXResourcesBuildPhase;
			buildActionMask = 2147483647;
			files = (
				E8C529B416332E3600BF8231 /* InfoPlist.strings in Resources */,
			);
			runOnlyForDeploymentPostprocessing = 0;
		};
/* End PBXResourcesBuildPhase section */

/* Begin PBXShellScriptBuildPhase section */
		E8C529A616332E3600BF8231 /* ShellScript */ = {
			isa = PBXShellScriptBuildPhase;
			buildActionMask = 2147483647;
			files = (
			);
			inputPaths = (
			);
			outputPaths = (
			);
			runOnlyForDeploymentPostprocessing = 0;
			shellPath = /bin/sh;
			shellScript = "# Run the unit tests in this test bundle.\n\"${SYSTEM_DEVELOPER_DIR}/Tools/RunUnitTests\"\n";
		};
/* End PBXShellScriptBuildPhase section */

/* Begin PBXSourcesBuildPhase section */
		E8C5298016332E3600BF8231 /* Sources */ = {
			isa = PBXSourcesBuildPhase;
			buildActionMask = 2147483647;
			files = (
				E8C5299516332E3600BF8231 /* main.m in Sources */,
				E8C5299916332E3600BF8231 /* AppDelegate.m in Sources */,
				E8C529C41633300800BF8231 /* MainMenuViewController.m in Sources */,
				E8C529C71633301600BF8231 /* EditPhotoViewController.m in Sources */,
				23BACEFE16335E560071E5B6 /* iRememberModel.xcdatamodeld in Sources */,
				23BACF70163367950071E5B6 /* LoginViewController.m in Sources */,
				233CD015163384920056B3AF /* HelpViewController.m in Sources */,
				9EFE2FAE1633AB7A00EB264C /* MarkUpControl.m in Sources */,
				9EFE2FAF1633AB7A00EB264C /* fileIOController.m in Sources */,
				91C84B08163397C700B3C77A /* AboutUsViewController.m in Sources */,
				91C84B0C16339AF300B3C77A /* SearchByDayViewController.m in Sources */,
				91C84B0F16339B1300B3C77A /* SearchByTagsViewController.m in Sources */,
				810B776B164ED9F500BED1BD /* Note.m in Sources */,
				810B776E164ED9F500BED1BD /* TagDetail.m in Sources */,
				810B7774164ED9F500BED1BD /* Draw.m in Sources */,
				810B7777164ED9F500BED1BD /* Session.m in Sources */,
				810B777A164ED9F500BED1BD /* TagType.m in Sources */,
				810B777D164ED9F500BED1BD /* Tag.m in Sources */,
				810B7893164EE34800BED1BD /* MagicalImportFunctions.m in Sources */,
				810B7895164EE34800BED1BD /* NSAttributeDescription+MagicalDataImport.m in Sources */,
				810B7897164EE34800BED1BD /* NSEntityDescription+MagicalDataImport.m in Sources */,
				810B7899164EE34800BED1BD /* NSNumber+MagicalDataImport.m in Sources */,
				810B789B164EE34800BED1BD /* NSObject+MagicalDataImport.m in Sources */,
				810B789D164EE34800BED1BD /* NSRelationshipDescription+MagicalDataImport.m in Sources */,
				810B789F164EE34800BED1BD /* NSString+MagicalDataImport.m in Sources */,
				810B78A1164EE34800BED1BD /* NSManagedObject+MagicalAggregation.m in Sources */,
				810B78A3164EE34800BED1BD /* NSManagedObject+MagicalDataImport.m in Sources */,
				810B78A5164EE34800BED1BD /* NSManagedObject+MagicalFinders.m in Sources */,
				810B78A7164EE34800BED1BD /* NSManagedObject+MagicalRecord.m in Sources */,
				810B78A9164EE34800BED1BD /* NSManagedObject+MagicalRequests.m in Sources */,
				810B78AB164EE34800BED1BD /* NSManagedObjectContext+MagicalObserving.m in Sources */,
				810B78AD164EE34800BED1BD /* NSManagedObjectContext+MagicalRecord.m in Sources */,
				810B78AF164EE34800BED1BD /* NSManagedObjectContext+MagicalSaves.m in Sources */,
				810B78B1164EE34800BED1BD /* NSManagedObjectContext+MagicalThreading.m in Sources */,
				810B78B3164EE34800BED1BD /* NSManagedObjectModel+MagicalRecord.m in Sources */,
				810B78B5164EE34800BED1BD /* NSPersistentStore+MagicalRecord.m in Sources */,
				810B78B7164EE34800BED1BD /* NSPersistentStoreCoordinator+MagicalRecord.m in Sources */,
				810B78B9164EE34800BED1BD /* MagicalRecord+Actions.m in Sources */,
				810B78BB164EE34800BED1BD /* MagicalRecord+ErrorHandling.m in Sources */,
				810B78BD164EE34800BED1BD /* MagicalRecord+iCloud.m in Sources */,
				810B78BF164EE34800BED1BD /* MagicalRecord+Options.m in Sources */,
				810B78C1164EE34800BED1BD /* MagicalRecord+Setup.m in Sources */,
				810B78C3164EE34800BED1BD /* MagicalRecord+ShorthandSupport.m in Sources */,
				810B78C5164EE34800BED1BD /* MagicalRecord.m in Sources */,
				810B78CD164EED6600BED1BD /* User.m in Sources */,
				F3CAD42C164EFB0E0096EFC3 /* ViewGeotagViewController.m in Sources */,
			);
			runOnlyForDeploymentPostprocessing = 0;
		};
		E8C529A316332E3600BF8231 /* Sources */ = {
			isa = PBXSourcesBuildPhase;
			buildActionMask = 2147483647;
			files = (
				E8C529B716332E3600BF8231 /* iRemember_Tests.m in Sources */,
				810B7894164EE34800BED1BD /* MagicalImportFunctions.m in Sources */,
				810B7896164EE34800BED1BD /* NSAttributeDescription+MagicalDataImport.m in Sources */,
				810B7898164EE34800BED1BD /* NSEntityDescription+MagicalDataImport.m in Sources */,
				810B789A164EE34800BED1BD /* NSNumber+MagicalDataImport.m in Sources */,
				810B789C164EE34800BED1BD /* NSObject+MagicalDataImport.m in Sources */,
				810B789E164EE34800BED1BD /* NSRelationshipDescription+MagicalDataImport.m in Sources */,
				810B78A0164EE34800BED1BD /* NSString+MagicalDataImport.m in Sources */,
				810B78A2164EE34800BED1BD /* NSManagedObject+MagicalAggregation.m in Sources */,
				810B78A4164EE34800BED1BD /* NSManagedObject+MagicalDataImport.m in Sources */,
				810B78A6164EE34800BED1BD /* NSManagedObject+MagicalFinders.m in Sources */,
				810B78A8164EE34800BED1BD /* NSManagedObject+MagicalRecord.m in Sources */,
				810B78AA164EE34800BED1BD /* NSManagedObject+MagicalRequests.m in Sources */,
				810B78AC164EE34800BED1BD /* NSManagedObjectContext+MagicalObserving.m in Sources */,
				810B78AE164EE34800BED1BD /* NSManagedObjectContext+MagicalRecord.m in Sources */,
				810B78B0164EE34800BED1BD /* NSManagedObjectContext+MagicalSaves.m in Sources */,
				810B78B2164EE34800BED1BD /* NSManagedObjectContext+MagicalThreading.m in Sources */,
				810B78B4164EE34800BED1BD /* NSManagedObjectModel+MagicalRecord.m in Sources */,
				810B78B6164EE34800BED1BD /* NSPersistentStore+MagicalRecord.m in Sources */,
				810B78B8164EE34800BED1BD /* NSPersistentStoreCoordinator+MagicalRecord.m in Sources */,
				810B78BA164EE34800BED1BD /* MagicalRecord+Actions.m in Sources */,
				810B78BC164EE34800BED1BD /* MagicalRecord+ErrorHandling.m in Sources */,
				810B78BE164EE34800BED1BD /* MagicalRecord+iCloud.m in Sources */,
				810B78C0164EE34800BED1BD /* MagicalRecord+Options.m in Sources */,
				810B78C2164EE34800BED1BD /* MagicalRecord+Setup.m in Sources */,
				810B78C4164EE34800BED1BD /* MagicalRecord+ShorthandSupport.m in Sources */,
				810B78C6164EE34800BED1BD /* MagicalRecord.m in Sources */,
				810B78CE164EED6600BED1BD /* User.m in Sources */,
			);
			runOnlyForDeploymentPostprocessing = 0;
		};
/* End PBXSourcesBuildPhase section */

/* Begin PBXTargetDependency section */
		E8C529AE16332E3600BF8231 /* PBXTargetDependency */ = {
			isa = PBXTargetDependency;
			target = E8C5298316332E3600BF8231 /* iRemember */;
			targetProxy = E8C529AD16332E3600BF8231 /* PBXContainerItemProxy */;
		};
/* End PBXTargetDependency section */

/* Begin PBXVariantGroup section */
		E8C5299116332E3600BF8231 /* InfoPlist.strings */ = {
			isa = PBXVariantGroup;
			children = (
				E8C5299216332E3600BF8231 /* en */,
			);
			name = InfoPlist.strings;
			sourceTree = "<group>";
		};
		E8C529B216332E3600BF8231 /* InfoPlist.strings */ = {
			isa = PBXVariantGroup;
			children = (
				E8C529B316332E3600BF8231 /* en */,
			);
			name = InfoPlist.strings;
			sourceTree = "<group>";
		};
/* End PBXVariantGroup section */

/* Begin XCBuildConfiguration section */
		E8C529B816332E3600BF8231 /* Debug */ = {
			isa = XCBuildConfiguration;
			buildSettings = {
				ALWAYS_SEARCH_USER_PATHS = NO;
				ARCHS = "$(ARCHS_STANDARD_32_BIT)";
				CLANG_CXX_LANGUAGE_STANDARD = "gnu++0x";
				CLANG_ENABLE_OBJC_ARC = YES;
				CLANG_WARN__DUPLICATE_METHOD_MATCH = YES;
				"CODE_SIGN_IDENTITY[sdk=iphoneos*]" = "iPhone Developer";
				COPY_PHASE_STRIP = NO;
				GCC_C_LANGUAGE_STANDARD = gnu99;
				GCC_DYNAMIC_NO_PIC = NO;
				GCC_OPTIMIZATION_LEVEL = 0;
				GCC_PREPROCESSOR_DEFINITIONS = (
					"DEBUG=1",
					"$(inherited)",
				);
				GCC_SYMBOLS_PRIVATE_EXTERN = NO;
				GCC_VERSION = com.apple.compilers.llvm.clang.1_0;
				GCC_WARN_ABOUT_RETURN_TYPE = YES;
				GCC_WARN_UNINITIALIZED_AUTOS = YES;
				GCC_WARN_UNUSED_VARIABLE = YES;
				IPHONEOS_DEPLOYMENT_TARGET = 5.1;
				SDKROOT = iphoneos;
				TARGETED_DEVICE_FAMILY = "1,2";
			};
			name = Debug;
		};
		E8C529B916332E3600BF8231 /* Release */ = {
			isa = XCBuildConfiguration;
			buildSettings = {
				ALWAYS_SEARCH_USER_PATHS = NO;
				ARCHS = "$(ARCHS_STANDARD_32_BIT)";
				CLANG_CXX_LANGUAGE_STANDARD = "gnu++0x";
				CLANG_ENABLE_OBJC_ARC = YES;
				CLANG_WARN__DUPLICATE_METHOD_MATCH = YES;
				"CODE_SIGN_IDENTITY[sdk=iphoneos*]" = "iPhone Developer";
				COPY_PHASE_STRIP = YES;
				GCC_C_LANGUAGE_STANDARD = gnu99;
				GCC_VERSION = com.apple.compilers.llvm.clang.1_0;
				GCC_WARN_ABOUT_RETURN_TYPE = YES;
				GCC_WARN_UNINITIALIZED_AUTOS = YES;
				GCC_WARN_UNUSED_VARIABLE = YES;
				IPHONEOS_DEPLOYMENT_TARGET = 5.1;
				OTHER_CFLAGS = "-DNS_BLOCK_ASSERTIONS=1";
				SDKROOT = iphoneos;
				TARGETED_DEVICE_FAMILY = "1,2";
				VALIDATE_PRODUCT = YES;
			};
			name = Release;
		};
		E8C529BB16332E3600BF8231 /* Debug */ = {
			isa = XCBuildConfiguration;
			buildSettings = {
				GCC_PRECOMPILE_PREFIX_HEADER = YES;
				GCC_PREFIX_HEADER = "iRemember_20Oct2012/iRemember-Prefix.pch";
				INFOPLIST_FILE = "iRemember_20Oct2012/iRemember-Info.plist";
				PRODUCT_NAME = iRemember;
				TARGETED_DEVICE_FAMILY = 1;
				WRAPPER_EXTENSION = app;
			};
			name = Debug;
		};
		E8C529BC16332E3600BF8231 /* Release */ = {
			isa = XCBuildConfiguration;
			buildSettings = {
				GCC_PRECOMPILE_PREFIX_HEADER = YES;
				GCC_PREFIX_HEADER = "iRemember_20Oct2012/iRemember-Prefix.pch";
				INFOPLIST_FILE = "iRemember_20Oct2012/iRemember-Info.plist";
				PRODUCT_NAME = iRemember;
				TARGETED_DEVICE_FAMILY = 1;
				WRAPPER_EXTENSION = app;
			};
			name = Release;
		};
		E8C529BE16332E3600BF8231 /* Debug */ = {
			isa = XCBuildConfiguration;
			buildSettings = {
				BUNDLE_LOADER = "$(BUILT_PRODUCTS_DIR)/iRemember_20Oct2012.app/iRemember_20Oct2012";
				FRAMEWORK_SEARCH_PATHS = (
					"\"$(SDKROOT)/Developer/Library/Frameworks\"",
					"\"$(DEVELOPER_LIBRARY_DIR)/Frameworks\"",
				);
				GCC_PRECOMPILE_PREFIX_HEADER = YES;
				GCC_PREFIX_HEADER = "iRemember_20Oct2012/iRemember_20Oct2012-Prefix.pch";
				INFOPLIST_FILE = "iRemember_20Oct2012Tests/iRememberTests-Info.plist";
				PRODUCT_NAME = iRememberTests;
				TEST_HOST = "$(BUNDLE_LOADER)";
				WRAPPER_EXTENSION = octest;
			};
			name = Debug;
		};
		E8C529BF16332E3600BF8231 /* Release */ = {
			isa = XCBuildConfiguration;
			buildSettings = {
				BUNDLE_LOADER = "$(BUILT_PRODUCTS_DIR)/iRemember_20Oct2012.app/iRemember_20Oct2012";
				FRAMEWORK_SEARCH_PATHS = (
					"\"$(SDKROOT)/Developer/Library/Frameworks\"",
					"\"$(DEVELOPER_LIBRARY_DIR)/Frameworks\"",
				);
				GCC_PRECOMPILE_PREFIX_HEADER = YES;
				GCC_PREFIX_HEADER = "iRemember_20Oct2012/iRemember_20Oct2012-Prefix.pch";
				INFOPLIST_FILE = "iRemember_20Oct2012Tests/iRememberTests-Info.plist";
				PRODUCT_NAME = iRememberTests;
				TEST_HOST = "$(BUNDLE_LOADER)";
				WRAPPER_EXTENSION = octest;
			};
			name = Release;
		};
/* End XCBuildConfiguration section */

/* Begin XCConfigurationList section */
		E8C5297E16332E3600BF8231 /* Build configuration list for PBXProject "iRemember" */ = {
			isa = XCConfigurationList;
			buildConfigurations = (
				E8C529B816332E3600BF8231 /* Debug */,
				E8C529B916332E3600BF8231 /* Release */,
			);
			defaultConfigurationIsVisible = 0;
			defaultConfigurationName = Release;
		};
		E8C529BA16332E3600BF8231 /* Build configuration list for PBXNativeTarget "iRemember" */ = {
			isa = XCConfigurationList;
			buildConfigurations = (
				E8C529BB16332E3600BF8231 /* Debug */,
				E8C529BC16332E3600BF8231 /* Release */,
			);
			defaultConfigurationIsVisible = 0;
			defaultConfigurationName = Release;
		};
		E8C529BD16332E3600BF8231 /* Build configuration list for PBXNativeTarget "iRememberTests" */ = {
			isa = XCConfigurationList;
			buildConfigurations = (
				E8C529BE16332E3600BF8231 /* Debug */,
				E8C529BF16332E3600BF8231 /* Release */,
			);
			defaultConfigurationIsVisible = 0;
			defaultConfigurationName = Release;
		};
/* End XCConfigurationList section */

/* Begin XCVersionGroup section */
		23BACEFC16335E560071E5B6 /* iRememberModel.xcdatamodeld */ = {
			isa = XCVersionGroup;
			children = (
				23BACEFD16335E560071E5B6 /* iRememberModel.xcdatamodel */,
			);
			currentVersion = 23BACEFD16335E560071E5B6 /* iRememberModel.xcdatamodel */;
			path = iRememberModel.xcdatamodeld;
			sourceTree = "<group>";
			versionGroupType = wrapper.xcdatamodel;
		};
/* End XCVersionGroup section */
	};
	rootObject = E8C5297B16332E3600BF8231 /* Project object */;
}
